
Microsoft Visual Studio Solution File, Format Version 12.00
# Visual Studio Version 16
VisualStudioVersion = 16.0.29001.49
MinimumVisualStudioVersion = 10.0.40219.1
Project("{2150E333-8FDC-42A3-9474-1A3956D46DE8}") = "src", "src", "{0AD2F87E-7081-4D98-907D-37DE3AF727D6}"
	ProjectSection(SolutionItems) = preProject
		src\Directory.build.props = src\Directory.build.props
		src\GlobalSuppressions.cs = src\GlobalSuppressions.cs
		src\stylecop.json = src\stylecop.json
	EndProjectSection
EndProject
Project("{9A19103F-16F7-4668-BE54-9A1E7A4F7556}") = "Autocrat.Abstractions", "src\Autocrat.Abstractions\Autocrat.Abstractions.csproj", "{6B9EC2CF-393A-4B66-976E-573A0CCD58EB}"
EndProject
Project("{9A19103F-16F7-4668-BE54-9A1E7A4F7556}") = "Autocrat.Compiler", "src\Autocrat.Compiler\Autocrat.Compiler.csproj", "{1178FE97-0C99-4E74-8977-B48FBA81E267}"
EndProject
Project("{8BC9CEB8-8B4A-11D0-8D11-00A0C91BC942}") = "Autocrat.Bootstrap", "src\Autocrat.Bootstrap\Autocrat.Bootstrap.vcxproj", "{55F7D27B-06C1-4208-8D56-CAE84902E1CD}"
EndProject
Project("{9A19103F-16F7-4668-BE54-9A1E7A4F7556}") = "Autocrat.NativeAdapters", "src\Autocrat.NativeAdapters\Autocrat.NativeAdapters.csproj", "{E76A0C65-8E56-4EC5-B77F-9CD63EB530E0}"
EndProject
Project("{2150E333-8FDC-42A3-9474-1A3956D46DE8}") = "tests", "tests", "{F7F91C1F-220D-494A-A575-A5B52D654F26}"
	ProjectSection(SolutionItems) = preProject
		tests\Directory.build.props = tests\Directory.build.props
	EndProjectSection
EndProject
Project("{9A19103F-16F7-4668-BE54-9A1E7A4F7556}") = "Abstractions.Tests", "tests\Abstractions.Tests\Abstractions.Tests.csproj", "{6511D618-BE95-4AD5-82A4-81D67AE86F3C}"
EndProject
Project("{9A19103F-16F7-4668-BE54-9A1E7A4F7556}") = "Compiler.Tests", "tests\Compiler.Tests\Compiler.Tests.csproj", "{A9E398F6-7C31-4333-8EC9-7860E782607B}"
EndProject
Project("{8BC9CEB8-8B4A-11D0-8D11-00A0C91BC942}") = "Bootstrap.Tests", "tests\Bootstrap.Tests\Bootstrap.Tests.vcxproj", "{A4783C54-DFE0-4FBC-86E9-2751EF0C06A7}"
EndProject
Project("{2150E333-8FDC-42A3-9474-1A3956D46DE8}") = "Solution Items", "Solution Items", "{67148BEE-BFD2-4A1F-A12C-4947C2B62455}"
	ProjectSection(SolutionItems) = preProject
		.gitignore = .gitignore
		azure-pipelines.yml = azure-pipelines.yml
		CHANGELOG.md = CHANGELOG.md
		LICENSE = LICENSE
		README.md = README.md
	EndProjectSection
EndProject
Project("{2150E333-8FDC-42A3-9474-1A3956D46DE8}") = "build", "build", "{AA76D151-33C7-443C-A454-4E7C62FA4B7D}"
	ProjectSection(SolutionItems) = preProject
		build\build.cake = build\build.cake
		build\dependencies.cake = build\dependencies.cake
		build\utilities.cake = build\utilities.cake
	EndProjectSection
EndProject
Project("{9A19103F-16F7-4668-BE54-9A1E7A4F7556}") = "NativeAdapters.Tests", "tests\NativeAdapters.Tests\NativeAdapters.Tests.csproj", "{8FA0A766-10A4-48DA-A4B7-6825899AB144}"
EndProject
Project("{2150E333-8FDC-42A3-9474-1A3956D46DE8}") = "Examples", "Examples", "{81F2A8FA-5DEC-4780-B3CC-0C67CFA685F0}"
EndProject
Project("{9A19103F-16F7-4668-BE54-9A1E7A4F7556}") = "TimerExample", "Examples\TimerExample\TimerExample.csproj", "{EED9D604-FE9D-4C23-A9C3-86A0C5736D99}"
EndProject
Project("{FAE04EC0-301F-11D3-BF4B-00C04F79EFBC}") = "Integration.Tests", "tests\Integration.Tests\Integration.Tests.csproj", "{49BFB09A-C0E7-4378-A42B-F0DE2F28D19D}"
EndProject
Global
	GlobalSection(SolutionConfigurationPlatforms) = preSolution
		Debug|Any CPU = Debug|Any CPU
		Release|Any CPU = Release|Any CPU
	EndGlobalSection
	GlobalSection(ProjectConfigurationPlatforms) = postSolution
		{6B9EC2CF-393A-4B66-976E-573A0CCD58EB}.Debug|Any CPU.ActiveCfg = Debug|Any CPU
		{6B9EC2CF-393A-4B66-976E-573A0CCD58EB}.Debug|Any CPU.Build.0 = Debug|Any CPU
		{6B9EC2CF-393A-4B66-976E-573A0CCD58EB}.Release|Any CPU.ActiveCfg = Release|Any CPU
		{6B9EC2CF-393A-4B66-976E-573A0CCD58EB}.Release|Any CPU.Build.0 = Release|Any CPU
		{1178FE97-0C99-4E74-8977-B48FBA81E267}.Debug|Any CPU.ActiveCfg = Debug|Any CPU
		{1178FE97-0C99-4E74-8977-B48FBA81E267}.Debug|Any CPU.Build.0 = Debug|Any CPU
		{1178FE97-0C99-4E74-8977-B48FBA81E267}.Release|Any CPU.ActiveCfg = Release|Any CPU
		{1178FE97-0C99-4E74-8977-B48FBA81E267}.Release|Any CPU.Build.0 = Release|Any CPU
		{55F7D27B-06C1-4208-8D56-CAE84902E1CD}.Debug|Any CPU.ActiveCfg = Debug|x64
		{55F7D27B-06C1-4208-8D56-CAE84902E1CD}.Debug|Any CPU.Build.0 = Debug|x64
		{55F7D27B-06C1-4208-8D56-CAE84902E1CD}.Release|Any CPU.ActiveCfg = Release|x64
		{55F7D27B-06C1-4208-8D56-CAE84902E1CD}.Release|Any CPU.Build.0 = Release|x64
		{E76A0C65-8E56-4EC5-B77F-9CD63EB530E0}.Debug|Any CPU.ActiveCfg = Debug|Any CPU
		{E76A0C65-8E56-4EC5-B77F-9CD63EB530E0}.Debug|Any CPU.Build.0 = Debug|Any CPU
		{E76A0C65-8E56-4EC5-B77F-9CD63EB530E0}.Release|Any CPU.ActiveCfg = Release|Any CPU
		{E76A0C65-8E56-4EC5-B77F-9CD63EB530E0}.Release|Any CPU.Build.0 = Release|Any CPU
		{6511D618-BE95-4AD5-82A4-81D67AE86F3C}.Debug|Any CPU.ActiveCfg = Debug|Any CPU
		{6511D618-BE95-4AD5-82A4-81D67AE86F3C}.Debug|Any CPU.Build.0 = Debug|Any CPU
		{6511D618-BE95-4AD5-82A4-81D67AE86F3C}.Release|Any CPU.ActiveCfg = Release|Any CPU
		{6511D618-BE95-4AD5-82A4-81D67AE86F3C}.Release|Any CPU.Build.0 = Release|Any CPU
		{A9E398F6-7C31-4333-8EC9-7860E782607B}.Debug|Any CPU.ActiveCfg = Debug|Any CPU
		{A9E398F6-7C31-4333-8EC9-7860E782607B}.Debug|Any CPU.Build.0 = Debug|Any CPU
		{A9E398F6-7C31-4333-8EC9-7860E782607B}.Release|Any CPU.ActiveCfg = Release|Any CPU
		{A9E398F6-7C31-4333-8EC9-7860E782607B}.Release|Any CPU.Build.0 = Release|Any CPU
		{A4783C54-DFE0-4FBC-86E9-2751EF0C06A7}.Debug|Any CPU.ActiveCfg = Debug|x64
		{A4783C54-DFE0-4FBC-86E9-2751EF0C06A7}.Debug|Any CPU.Build.0 = Debug|x64
		{A4783C54-DFE0-4FBC-86E9-2751EF0C06A7}.Release|Any CPU.ActiveCfg = Release|x64
		{A4783C54-DFE0-4FBC-86E9-2751EF0C06A7}.Release|Any CPU.Build.0 = Release|x64
		{8FA0A766-10A4-48DA-A4B7-6825899AB144}.Debug|Any CPU.ActiveCfg = Debug|Any CPU
		{8FA0A766-10A4-48DA-A4B7-6825899AB144}.Debug|Any CPU.Build.0 = Debug|Any CPU
		{8FA0A766-10A4-48DA-A4B7-6825899AB144}.Release|Any CPU.ActiveCfg = Release|Any CPU
		{8FA0A766-10A4-48DA-A4B7-6825899AB144}.Release|Any CPU.Build.0 = Release|Any CPU
		{EED9D604-FE9D-4C23-A9C3-86A0C5736D99}.Debug|Any CPU.ActiveCfg = Debug|Any CPU
		{EED9D604-FE9D-4C23-A9C3-86A0C5736D99}.Debug|Any CPU.Build.0 = Debug|Any CPU
		{EED9D604-FE9D-4C23-A9C3-86A0C5736D99}.Release|Any CPU.ActiveCfg = Release|Any CPU
		{EED9D604-FE9D-4C23-A9C3-86A0C5736D99}.Release|Any CPU.Build.0 = Release|Any CPU
		{49BFB09A-C0E7-4378-A42B-F0DE2F28D19D}.Debug|Any CPU.ActiveCfg = Debug|Any CPU
		{49BFB09A-C0E7-4378-A42B-F0DE2F28D19D}.Debug|Any CPU.Build.0 = Debug|Any CPU
		{49BFB09A-C0E7-4378-A42B-F0DE2F28D19D}.Release|Any CPU.ActiveCfg = Release|Any CPU
		{49BFB09A-C0E7-4378-A42B-F0DE2F28D19D}.Release|Any CPU.Build.0 = Release|Any CPU
	EndGlobalSection
	GlobalSection(SolutionProperties) = preSolution
		HideSolutionNode = FALSE
	EndGlobalSection
	GlobalSection(NestedProjects) = preSolution
		{6B9EC2CF-393A-4B66-976E-573A0CCD58EB} = {0AD2F87E-7081-4D98-907D-37DE3AF727D6}
		{1178FE97-0C99-4E74-8977-B48FBA81E267} = {0AD2F87E-7081-4D98-907D-37DE3AF727D6}
		{55F7D27B-06C1-4208-8D56-CAE84902E1CD} = {0AD2F87E-7081-4D98-907D-37DE3AF727D6}
		{E76A0C65-8E56-4EC5-B77F-9CD63EB530E0} = {0AD2F87E-7081-4D98-907D-37DE3AF727D6}
		{6511D618-BE95-4AD5-82A4-81D67AE86F3C} = {F7F91C1F-220D-494A-A575-A5B52D654F26}
		{A9E398F6-7C31-4333-8EC9-7860E782607B} = {F7F91C1F-220D-494A-A575-A5B52D654F26}
		{A4783C54-DFE0-4FBC-86E9-2751EF0C06A7} = {F7F91C1F-220D-494A-A575-A5B52D654F26}
		{8FA0A766-10A4-48DA-A4B7-6825899AB144} = {F7F91C1F-220D-494A-A575-A5B52D654F26}
		{EED9D604-FE9D-4C23-A9C3-86A0C5736D99} = {81F2A8FA-5DEC-4780-B3CC-0C67CFA685F0}
		{49BFB09A-C0E7-4378-A42B-F0DE2F28D19D} = {F7F91C1F-220D-494A-A575-A5B52D654F26}
	EndGlobalSection
	GlobalSection(ExtensibilityGlobals) = postSolution
		SolutionGuid = {4EF8B246-D856-451C-AB5D-4C4821DBE8A4}
	EndGlobalSection
EndGlobal
