<?xml version="1.0" encoding="utf-8"?>
<Project ToolsVersion="4.0" xmlns="http://schemas.microsoft.com/developer/msbuild/2003">
  <ItemGroup>
    <Filter Include="gtest">
      <UniqueIdentifier>{93995380-89BD-4b04-88EB-625FBE52EBFB}</UniqueIdentifier>
      <Extensions>h;hh;hpp;hxx;hm;inl;inc;ipp;xsd</Extensions>
    </Filter>
    <Filter Include="src">
      <UniqueIdentifier>{7168f442-eafe-4476-8952-999f509d61db}</UniqueIdentifier>
    </Filter>
    <Filter Include="tests">
      <UniqueIdentifier>{7f4b15a9-6768-41f1-a46e-98afa33266a8}</UniqueIdentifier>
    </Filter>
  </ItemGroup>
  <ItemGroup>
    <ClInclude Include="..\..\libs\gtest\gtest.h">
      <Filter>gtest</Filter>
    </ClInclude>
  </ItemGroup>
  <ItemGroup>
    <ClCompile Include="..\..\libs\gtest\gtest-all.cc">
      <Filter>gtest</Filter>
    </ClCompile>
    <ClCompile Include="main.cpp" />
    <ClCompile Include="..\..\src\Autocrat.Bootstrap\src\array_pool.cpp">
      <Filter>src</Filter>
    </ClCompile>
    <ClCompile Include="tests\ArrayPoolTests.cpp">
      <Filter>tests</Filter>
    </ClCompile>
    <ClCompile Include="tests\ManagedArrayTests.cpp">
      <Filter>tests</Filter>
    </ClCompile>
    <ClCompile Include="..\..\src\Autocrat.Bootstrap\src\pal_win32.cpp">
      <Filter>src</Filter>
    </ClCompile>
    <ClCompile Include="tests\PalWin32SocketTests.cpp">
      <Filter>tests</Filter>
    </ClCompile>
    <ClCompile Include="tests\BoundedQueueTests.cpp">
      <Filter>tests</Filter>
    </ClCompile>
    <ClCompile Include="tests\PalWin32ThreadTests.cpp">
      <Filter>tests</Filter>
    </ClCompile>
    <ClCompile Include="tests\ThreadPoolTests.cpp">
      <Filter>tests</Filter>
    </ClCompile>
    <ClCompile Include="..\..\src\Autocrat.Bootstrap\src\thread_pool.cpp">
      <Filter>src</Filter>
    </ClCompile>
  </ItemGroup>
</Project>