<?xml version="1.0" encoding="utf-8"?>
<Project ToolsVersion="4.0" xmlns="http://schemas.microsoft.com/developer/msbuild/2003">
  <ItemGroup>
    <Filter Include="gtest">
      <UniqueIdentifier>{93995380-89BD-4b04-88EB-625FBE52EBFB}</UniqueIdentifier>
      <Extensions>h;hh;hpp;hxx;hm;inl;inc;ipp;xsd</Extensions>
    </Filter>
    <Filter Include="src">
      <UniqueIdentifier>{7168f442-eafe-4476-8952-999f509d61db}</UniqueIdentifier>
    </Filter>
    <Filter Include="tests">
      <UniqueIdentifier>{7f4b15a9-6768-41f1-a46e-98afa33266a8}</UniqueIdentifier>
    </Filter>
  </ItemGroup>
  <ItemGroup>
    <ClInclude Include="..\..\libs\gtest\gtest.h">
      <Filter>gtest</Filter>
    </ClInclude>
    <ClInclude Include="pal_mock.h" />
    <ClInclude Include="mock_services.h" />
    <ClInclude Include="mock_method_handles.h" />
    <ClInclude Include="TestUtils.h" />
    <ClInclude Include="ConsoleTestPrinter.h" />
    <ClInclude Include="ManagedObjects.h" />
    <ClInclude Include="MemoryMonitor.h" />
    <ClInclude Include="TestMocks.h" />
    <ClInclude Include="tests\PalTests.h">
      <Filter>tests</Filter>
    </ClInclude>
  </ItemGroup>
  <ItemGroup>
    <ClCompile Include="..\..\libs\gtest\gtest-all.cc">
      <Filter>gtest</Filter>
    </ClCompile>
    <ClCompile Include="main.cpp" />
    <ClCompile Include="..\..\src\Autocrat.Bootstrap\src\array_pool.cpp">
      <Filter>src</Filter>
    </ClCompile>
    <ClCompile Include="tests\ArrayPoolTests.cpp">
      <Filter>tests</Filter>
    </ClCompile>
    <ClCompile Include="tests\ManagedArrayTests.cpp">
      <Filter>tests</Filter>
    </ClCompile>
    <ClCompile Include="..\..\src\Autocrat.Bootstrap\src\pal_win32.cpp">
      <Filter>src</Filter>
    </ClCompile>
    <ClCompile Include="tests\PalSocketTests.cpp">
      <Filter>tests</Filter>
    </ClCompile>
    <ClCompile Include="tests\BoundedQueueTests.cpp">
      <Filter>tests</Filter>
    </ClCompile>
    <ClCompile Include="tests\ThreadPoolTests.cpp">
      <Filter>tests</Filter>
    </ClCompile>
    <ClCompile Include="..\..\src\Autocrat.Bootstrap\src\thread_pool.cpp">
      <Filter>src</Filter>
    </ClCompile>
    <ClCompile Include="tests\NetworkServiceTests.cpp">
      <Filter>tests</Filter>
    </ClCompile>
    <ClCompile Include="..\..\src\Autocrat.Bootstrap\src\network_service.cpp">
      <Filter>src</Filter>
    </ClCompile>
    <ClCompile Include="pal_mock.cpp" />
    <ClCompile Include="tests\ServicesTests.cpp">
      <Filter>tests</Filter>
    </ClCompile>
    <ClCompile Include="mock_method_handles.cpp" />
    <ClCompile Include="tests\NativeExportsTests.cpp">
      <Filter>tests</Filter>
    </ClCompile>
    <ClCompile Include="..\..\src\Autocrat.Bootstrap\src\native_exports.cpp">
      <Filter>src</Filter>
    </ClCompile>
    <ClCompile Include="tests\PalServicesTests.cpp">
      <Filter>tests</Filter>
    </ClCompile>
    <ClCompile Include="tests\SmallVectorTests.cpp">
      <Filter>tests</Filter>
    </ClCompile>
    <ClCompile Include="tests\PalThreadTests.cpp">
      <Filter>tests</Filter>
    </ClCompile>
    <ClCompile Include="tests\TimerServiceTests.cpp">
      <Filter>tests</Filter>
    </ClCompile>
    <ClCompile Include="..\..\src\Autocrat.Bootstrap\src\timer_service.cpp">
      <Filter>src</Filter>
    </ClCompile>
    <ClCompile Include="tests\SmartPtrTests.cpp">
      <Filter>tests</Filter>
    </ClCompile>
    <ClCompile Include="..\..\src\Autocrat.Bootstrap\src\managed_interop.cpp">
      <Filter>src</Filter>
    </ClCompile>
    <ClCompile Include="tests\ReferenceScannerTests.cpp">
      <Filter>tests</Filter>
    </ClCompile>
    <ClCompile Include="tests\WorkerServiceTests.cpp">
      <Filter>tests</Filter>
    </ClCompile>
    <ClCompile Include="..\..\src\Autocrat.Bootstrap\src\worker_service.cpp">
      <Filter>src</Filter>
    </ClCompile>
    <ClCompile Include="tests\DynamicArrayTests.cpp">
      <Filter>tests</Filter>
    </ClCompile>
    <ClCompile Include="..\..\src\Autocrat.Bootstrap\src\gc_service.cpp">
      <Filter>src</Filter>
    </ClCompile>
    <ClCompile Include="MemoryMonitor.cpp" />
    <ClCompile Include="tests\MemoryPoolTests.cpp">
      <Filter>tests</Filter>
    </ClCompile>
    <ClCompile Include="tests\NodePoolTests.cpp">
      <Filter>tests</Filter>
    </ClCompile>
    <ClCompile Include="..\..\src\Autocrat.Bootstrap\src\memory_pool.cpp">
      <Filter>src</Filter>
    </ClCompile>
    <ClCompile Include="tests\FixedHashmapTests.cpp">
      <Filter>tests</Filter>
    </ClCompile>
    <ClCompile Include="ManagedObjects.cpp" />
    <ClCompile Include="tests\ObjectSerializerTests.cpp">
      <Filter>tests</Filter>
    </ClCompile>
    <ClCompile Include="tests\GcServiceTests.cpp">
      <Filter>tests</Filter>
    </ClCompile>
    <ClCompile Include="..\..\src\Autocrat.Bootstrap\src\locks.cpp">
      <Filter>src</Filter>
    </ClCompile>
    <ClCompile Include="tests\ExclusiveLockTests.cpp">
      <Filter>tests</Filter>
    </ClCompile>
    <ClCompile Include="tests\SharedSpinLockTests.cpp">
      <Filter>tests</Filter>
    </ClCompile>
    <ClCompile Include="tests\ObjectScannerTests.cpp">
      <Filter>tests</Filter>
    </ClCompile>
    <ClCompile Include="..\..\src\Autocrat.Bootstrap\src\task_service.cpp">
      <Filter>src</Filter>
    </ClCompile>
    <ClCompile Include="tests\TaskServiceTests.cpp">
      <Filter>tests</Filter>
    </ClCompile>
    <ClCompile Include="ConsoleTestPrinter.cpp" />
    <ClCompile Include="tests\ApplicationTests.cpp">
      <Filter>tests</Filter>
    </ClCompile>
    <ClCompile Include="..\..\src\Autocrat.Bootstrap\src\application.cpp">
      <Filter>src</Filter>
    </ClCompile>
  </ItemGroup>
</Project>