<?xml version="1.0" encoding="utf-8"?>
<Project ToolsVersion="4.0" xmlns="http://schemas.microsoft.com/developer/msbuild/2003">
  <ItemGroup>
    <Filter Include="include">
      <UniqueIdentifier>{93995380-89BD-4b04-88EB-625FBE52EBFB}</UniqueIdentifier>
      <Extensions>h;hh;hpp;hxx;hm;inl;inc;ipp;xsd</Extensions>
    </Filter>
    <Filter Include="src">
      <UniqueIdentifier>{4FC737F1-C7A5-4376-A066-2A32D752A2FF}</UniqueIdentifier>
      <Extensions>cpp;c;cc;cxx;def;odl;idl;hpj;bat;asm;asmx</Extensions>
    </Filter>
  </ItemGroup>
  <ItemGroup>
    <ClCompile Include="src\main.cpp">
      <Filter>src</Filter>
    </ClCompile>
    <ClCompile Include="src\network_service.cpp">
      <Filter>src</Filter>
    </ClCompile>
    <ClCompile Include="src\array_pool.cpp">
      <Filter>src</Filter>
    </ClCompile>
    <ClCompile Include="src\pal_win32.cpp">
      <Filter>src</Filter>
    </ClCompile>
    <ClCompile Include="src\thread_pool.cpp">
      <Filter>src</Filter>
    </ClCompile>
    <ClCompile Include="src\native_exports.cpp">
      <Filter>src</Filter>
    </ClCompile>
    <ClCompile Include="src\timer_service.cpp">
      <Filter>src</Filter>
    </ClCompile>
    <ClCompile Include="src\managed_interop.cpp">
      <Filter>src</Filter>
    </ClCompile>
    <ClCompile Include="src\worker_service.cpp">
      <Filter>src</Filter>
    </ClCompile>
    <ClCompile Include="src\gc_service.cpp">
      <Filter>src</Filter>
    </ClCompile>
    <ClCompile Include="src\memory_pool.cpp">
      <Filter>src</Filter>
    </ClCompile>
    <ClCompile Include="src\locks.cpp">
      <Filter>src</Filter>
    </ClCompile>
    <ClCompile Include="src\task_service.cpp">
      <Filter>src</Filter>
    </ClCompile>
    <ClCompile Include="src\application.cpp">
      <Filter>src</Filter>
    </ClCompile>
  </ItemGroup>
  <ItemGroup>
    <ClInclude Include="include\managed_exports.h">
      <Filter>include</Filter>
    </ClInclude>
    <ClInclude Include="include\array_pool.h">
      <Filter>include</Filter>
    </ClInclude>
    <ClInclude Include="include\pal_win32.h">
      <Filter>include</Filter>
    </ClInclude>
    <ClInclude Include="include\pal.h">
      <Filter>include</Filter>
    </ClInclude>
    <ClInclude Include="include\network_service.h">
      <Filter>include</Filter>
    </ClInclude>
    <ClInclude Include="include\collections.h">
      <Filter>include</Filter>
    </ClInclude>
    <ClInclude Include="include\thread_pool.h">
      <Filter>include</Filter>
    </ClInclude>
    <ClInclude Include="include\services.h">
      <Filter>include</Filter>
    </ClInclude>
    <ClInclude Include="include\defines.h">
      <Filter>include</Filter>
    </ClInclude>
    <ClInclude Include="include\native_exports.h">
      <Filter>include</Filter>
    </ClInclude>
    <ClInclude Include="include\pause.h">
      <Filter>include</Filter>
    </ClInclude>
    <ClInclude Include="include\timer_service.h">
      <Filter>include</Filter>
    </ClInclude>
    <ClInclude Include="include\smart_ptr.h">
      <Filter>include</Filter>
    </ClInclude>
    <ClInclude Include="include\managed_interop.h">
      <Filter>include</Filter>
    </ClInclude>
    <ClInclude Include="include\worker_service.h">
      <Filter>include</Filter>
    </ClInclude>
    <ClInclude Include="include\gc_service.h">
      <Filter>include</Filter>
    </ClInclude>
    <ClInclude Include="include\memory_pool.h">
      <Filter>include</Filter>
    </ClInclude>
    <ClInclude Include="include\managed_types.h">
      <Filter>include</Filter>
    </ClInclude>
    <ClInclude Include="include\locks.h">
      <Filter>include</Filter>
    </ClInclude>
    <ClInclude Include="include\task_service.h">
      <Filter>include</Filter>
    </ClInclude>
    <ClInclude Include="include\application.h">
      <Filter>include</Filter>
    </ClInclude>
    <ClInclude Include="include\exports.h">
      <Filter>include</Filter>
    </ClInclude>
  </ItemGroup>
</Project>